
Microsoft Visual Studio Solution File, Format Version 12.00
# Visual Studio Version 17
VisualStudioVersion = 17.9.34607.119
MinimumVisualStudioVersion = 10.0.40219.1
Project("{FAE04EC0-301F-11D3-BF4B-00C04F79EFBC}") = "Modul7_Unite2", "Modul7_Unite2.csproj", "{1997A472-BAAA-4110-8824-20AED20E561D}"
EndProject
Global
	GlobalSection(SolutionConfigurationPlatforms) = preSolution
		Debug|Any CPU = Debug|Any CPU
		Release|Any CPU = Release|Any CPU
	EndGlobalSection
	GlobalSection(ProjectConfigurationPlatforms) = postSolution
		{1997A472-BAAA-4110-8824-20AED20E561D}.Debug|Any CPU.ActiveCfg = Debug|Any CPU
		{1997A472-BAAA-4110-8824-20AED20E561D}.Debug|Any CPU.Build.0 = Debug|Any CPU
		{1997A472-BAAA-4110-8824-20AED20E561D}.Release|Any CPU.ActiveCfg = Release|Any CPU
		{1997A472-BAAA-4110-8824-20AED20E561D}.Release|Any CPU.Build.0 = Release|Any CPU
	EndGlobalSection
	GlobalSection(SolutionProperties) = preSolution
		HideSolutionNode = FALSE
	EndGlobalSection
	GlobalSection(ExtensibilityGlobals) = postSolution
		SolutionGuid = {34B10D7C-AE73-438F-8491-8D5238297525}
	EndGlobalSection
EndGlobal
