
Microsoft Visual Studio Solution File, Format Version 12.00
# Visual Studio Version 17
VisualStudioVersion = 17.9.34607.119
MinimumVisualStudioVersion = 10.0.40219.1
Project("{FAE04EC0-301F-11D3-BF4B-00C04F79EFBC}") = "Modul4_Unite1", "Modul4_Unite1.csproj", "{BC2898EF-155C-4D0C-9E0F-E0271756431A}"
EndProject
Global
	GlobalSection(SolutionConfigurationPlatforms) = preSolution
		Debug|Any CPU = Debug|Any CPU
		Release|Any CPU = Release|Any CPU
	EndGlobalSection
	GlobalSection(ProjectConfigurationPlatforms) = postSolution
		{BC2898EF-155C-4D0C-9E0F-E0271756431A}.Debug|Any CPU.ActiveCfg = Debug|Any CPU
		{BC2898EF-155C-4D0C-9E0F-E0271756431A}.Debug|Any CPU.Build.0 = Debug|Any CPU
		{BC2898EF-155C-4D0C-9E0F-E0271756431A}.Release|Any CPU.ActiveCfg = Release|Any CPU
		{BC2898EF-155C-4D0C-9E0F-E0271756431A}.Release|Any CPU.Build.0 = Release|Any CPU
	EndGlobalSection
	GlobalSection(SolutionProperties) = preSolution
		HideSolutionNode = FALSE
	EndGlobalSection
	GlobalSection(ExtensibilityGlobals) = postSolution
		SolutionGuid = {958290DB-BE59-4BE6-B408-58FFC274E196}
	EndGlobalSection
EndGlobal
