
Microsoft Visual Studio Solution File, Format Version 12.00
# Visual Studio Version 17
VisualStudioVersion = 17.9.34607.119
MinimumVisualStudioVersion = 10.0.40219.1
Project("{FAE04EC0-301F-11D3-BF4B-00C04F79EFBC}") = "Modul9_Unite1", "Modul9_Unite1.csproj", "{EFD631E2-3185-410D-A97E-A069B35943D1}"
EndProject
Global
	GlobalSection(SolutionConfigurationPlatforms) = preSolution
		Debug|Any CPU = Debug|Any CPU
		Release|Any CPU = Release|Any CPU
	EndGlobalSection
	GlobalSection(ProjectConfigurationPlatforms) = postSolution
		{EFD631E2-3185-410D-A97E-A069B35943D1}.Debug|Any CPU.ActiveCfg = Debug|Any CPU
		{EFD631E2-3185-410D-A97E-A069B35943D1}.Debug|Any CPU.Build.0 = Debug|Any CPU
		{EFD631E2-3185-410D-A97E-A069B35943D1}.Release|Any CPU.ActiveCfg = Release|Any CPU
		{EFD631E2-3185-410D-A97E-A069B35943D1}.Release|Any CPU.Build.0 = Release|Any CPU
	EndGlobalSection
	GlobalSection(SolutionProperties) = preSolution
		HideSolutionNode = FALSE
	EndGlobalSection
	GlobalSection(ExtensibilityGlobals) = postSolution
		SolutionGuid = {18FA2B77-EF35-4562-AD8E-64E2FE123D16}
	EndGlobalSection
EndGlobal
