
Microsoft Visual Studio Solution File, Format Version 12.00
# Visual Studio Version 17
VisualStudioVersion = 17.9.34607.119
MinimumVisualStudioVersion = 10.0.40219.1
Project("{FAE04EC0-301F-11D3-BF4B-00C04F79EFBC}") = "Modul9_Unite3", "Modul9_Unite3.csproj", "{39F36A44-9EF0-4382-BA63-FFC409AB92D4}"
EndProject
Global
	GlobalSection(SolutionConfigurationPlatforms) = preSolution
		Debug|Any CPU = Debug|Any CPU
		Release|Any CPU = Release|Any CPU
	EndGlobalSection
	GlobalSection(ProjectConfigurationPlatforms) = postSolution
		{39F36A44-9EF0-4382-BA63-FFC409AB92D4}.Debug|Any CPU.ActiveCfg = Debug|Any CPU
		{39F36A44-9EF0-4382-BA63-FFC409AB92D4}.Debug|Any CPU.Build.0 = Debug|Any CPU
		{39F36A44-9EF0-4382-BA63-FFC409AB92D4}.Release|Any CPU.ActiveCfg = Release|Any CPU
		{39F36A44-9EF0-4382-BA63-FFC409AB92D4}.Release|Any CPU.Build.0 = Release|Any CPU
	EndGlobalSection
	GlobalSection(SolutionProperties) = preSolution
		HideSolutionNode = FALSE
	EndGlobalSection
	GlobalSection(ExtensibilityGlobals) = postSolution
		SolutionGuid = {B3DCFC2A-2DB0-4401-B1AF-B770E5C7DFE8}
	EndGlobalSection
EndGlobal
